
Microsoft Visual Studio Solution File, Format Version 12.00
# Visual Studio Express 2012 for Windows Desktop
Project("{FAE04EC0-301F-11D3-BF4B-00C04F79EFBC}") = "FinderConsole", "FinderConsole.csproj", "{DD13755A-63ED-48B5-B568-C11317A25667}"
EndProject
Project("{FAE04EC0-301F-11D3-BF4B-00C04F79EFBC}") = "ScrabbleFinder", "..\DawgDawg\ScrabbleFinder.csproj", "{1C754240-2DE6-4146-B522-591193DEDAD8}"
EndProject
Global
	GlobalSection(SolutionConfigurationPlatforms) = preSolution
		Debug|Any CPU = Debug|Any CPU
		Release|Any CPU = Release|Any CPU
	EndGlobalSection
	GlobalSection(ProjectConfigurationPlatforms) = postSolution
		{DD13755A-63ED-48B5-B568-C11317A25667}.Debug|Any CPU.ActiveCfg = Debug|Any CPU
		{DD13755A-63ED-48B5-B568-C11317A25667}.Debug|Any CPU.Build.0 = Debug|Any CPU
		{DD13755A-63ED-48B5-B568-C11317A25667}.Release|Any CPU.ActiveCfg = Release|Any CPU
		{DD13755A-63ED-48B5-B568-C11317A25667}.Release|Any CPU.Build.0 = Release|Any CPU
		{1C754240-2DE6-4146-B522-591193DEDAD8}.Debug|Any CPU.ActiveCfg = Debug|Any CPU
		{1C754240-2DE6-4146-B522-591193DEDAD8}.Debug|Any CPU.Build.0 = Debug|Any CPU
		{1C754240-2DE6-4146-B522-591193DEDAD8}.Release|Any CPU.ActiveCfg = Release|Any CPU
		{1C754240-2DE6-4146-B522-591193DEDAD8}.Release|Any CPU.Build.0 = Release|Any CPU
	EndGlobalSection
	GlobalSection(SolutionProperties) = preSolution
		HideSolutionNode = FALSE
	EndGlobalSection
EndGlobal
